
Microsoft Visual Studio Solution File, Format Version 12.00
Project("{FAE04EC0-301F-11D3-BF4B-00C04F79EFBC}") = "Domain", "Domain\Domain.csproj", "{AC0AADF7-70B6-4825-A85D-018C6A5F9882}"
EndProject
Project("{FAE04EC0-301F-11D3-BF4B-00C04F79EFBC}") = "Infrastructure", "Infrastructure\Infrastructure.csproj", "{5A703624-F2E9-42F1-89FE-A6BDEC752A5C}"
EndProject
Project("{FAE04EC0-301F-11D3-BF4B-00C04F79EFBC}") = "Application.InstanceOne", "Application.InstanceOne\Application.InstanceOne.csproj", "{3FD0AB04-75AF-4EF6-B170-9C794AFADEA1}"
EndProject
Project("{FAE04EC0-301F-11D3-BF4B-00C04F79EFBC}") = "Application.InstanceTwo", "Application.InstanceTwo\Application.InstanceTwo.csproj", "{99918A27-A998-44AE-B56E-50624E934E0B}"
EndProject
Project("{2150E333-8FDC-42A3-9474-1A3956D46DE8}") = "Applications", "Applications", "{54D01295-C9D0-4460-996A-04F65B274092}"
EndProject
Project("{2150E333-8FDC-42A3-9474-1A3956D46DE8}") = "Domain", "Domain", "{FFC338B2-06FC-4872-B86A-78713FC5014A}"
EndProject
Project("{2150E333-8FDC-42A3-9474-1A3956D46DE8}") = "Infrastructure", "Infrastructure", "{307E31E5-B8FB-481C-864D-AB7B41973BD8}"
EndProject
Project("{FAE04EC0-301F-11D3-BF4B-00C04F79EFBC}") = "Application.Services", "Application.Services\Application.Services.csproj", "{A19EE8A5-7420-4215-A8F0-ECBFB68DDCE2}"
EndProject
Project("{FAE04EC0-301F-11D3-BF4B-00C04F79EFBC}") = "Application.MigrationApp", "Application.MigrationApp\Application.MigrationApp.csproj", "{93FA5DEF-970C-411A-B874-E8D57516C1BF}"
EndProject
Global
	GlobalSection(SolutionConfigurationPlatforms) = preSolution
		Debug|Any CPU = Debug|Any CPU
		Release|Any CPU = Release|Any CPU
	EndGlobalSection
	GlobalSection(ProjectConfigurationPlatforms) = postSolution
		{AC0AADF7-70B6-4825-A85D-018C6A5F9882}.Debug|Any CPU.ActiveCfg = Debug|Any CPU
		{AC0AADF7-70B6-4825-A85D-018C6A5F9882}.Debug|Any CPU.Build.0 = Debug|Any CPU
		{AC0AADF7-70B6-4825-A85D-018C6A5F9882}.Release|Any CPU.ActiveCfg = Release|Any CPU
		{AC0AADF7-70B6-4825-A85D-018C6A5F9882}.Release|Any CPU.Build.0 = Release|Any CPU
		{5A703624-F2E9-42F1-89FE-A6BDEC752A5C}.Debug|Any CPU.ActiveCfg = Debug|Any CPU
		{5A703624-F2E9-42F1-89FE-A6BDEC752A5C}.Debug|Any CPU.Build.0 = Debug|Any CPU
		{5A703624-F2E9-42F1-89FE-A6BDEC752A5C}.Release|Any CPU.ActiveCfg = Release|Any CPU
		{5A703624-F2E9-42F1-89FE-A6BDEC752A5C}.Release|Any CPU.Build.0 = Release|Any CPU
		{3FD0AB04-75AF-4EF6-B170-9C794AFADEA1}.Debug|Any CPU.ActiveCfg = Debug|Any CPU
		{3FD0AB04-75AF-4EF6-B170-9C794AFADEA1}.Debug|Any CPU.Build.0 = Debug|Any CPU
		{3FD0AB04-75AF-4EF6-B170-9C794AFADEA1}.Release|Any CPU.ActiveCfg = Release|Any CPU
		{3FD0AB04-75AF-4EF6-B170-9C794AFADEA1}.Release|Any CPU.Build.0 = Release|Any CPU
		{99918A27-A998-44AE-B56E-50624E934E0B}.Debug|Any CPU.ActiveCfg = Debug|Any CPU
		{99918A27-A998-44AE-B56E-50624E934E0B}.Debug|Any CPU.Build.0 = Debug|Any CPU
		{99918A27-A998-44AE-B56E-50624E934E0B}.Release|Any CPU.ActiveCfg = Release|Any CPU
		{99918A27-A998-44AE-B56E-50624E934E0B}.Release|Any CPU.Build.0 = Release|Any CPU
		{A19EE8A5-7420-4215-A8F0-ECBFB68DDCE2}.Debug|Any CPU.ActiveCfg = Debug|Any CPU
		{A19EE8A5-7420-4215-A8F0-ECBFB68DDCE2}.Debug|Any CPU.Build.0 = Debug|Any CPU
		{A19EE8A5-7420-4215-A8F0-ECBFB68DDCE2}.Release|Any CPU.ActiveCfg = Release|Any CPU
		{A19EE8A5-7420-4215-A8F0-ECBFB68DDCE2}.Release|Any CPU.Build.0 = Release|Any CPU
		{93FA5DEF-970C-411A-B874-E8D57516C1BF}.Debug|Any CPU.ActiveCfg = Debug|Any CPU
		{93FA5DEF-970C-411A-B874-E8D57516C1BF}.Debug|Any CPU.Build.0 = Debug|Any CPU
		{93FA5DEF-970C-411A-B874-E8D57516C1BF}.Release|Any CPU.ActiveCfg = Release|Any CPU
		{93FA5DEF-970C-411A-B874-E8D57516C1BF}.Release|Any CPU.Build.0 = Release|Any CPU
	EndGlobalSection
	GlobalSection(NestedProjects) = preSolution
		{3FD0AB04-75AF-4EF6-B170-9C794AFADEA1} = {54D01295-C9D0-4460-996A-04F65B274092}
		{99918A27-A998-44AE-B56E-50624E934E0B} = {54D01295-C9D0-4460-996A-04F65B274092}
		{AC0AADF7-70B6-4825-A85D-018C6A5F9882} = {FFC338B2-06FC-4872-B86A-78713FC5014A}
		{5A703624-F2E9-42F1-89FE-A6BDEC752A5C} = {307E31E5-B8FB-481C-864D-AB7B41973BD8}
		{A19EE8A5-7420-4215-A8F0-ECBFB68DDCE2} = {54D01295-C9D0-4460-996A-04F65B274092}
		{93FA5DEF-970C-411A-B874-E8D57516C1BF} = {54D01295-C9D0-4460-996A-04F65B274092}
	EndGlobalSection
EndGlobal
